
Microsoft Visual Studio Solution File, Format Version 12.00
# Visual Studio Version 17
VisualStudioVersion = 17.9.34723.18
MinimumVisualStudioVersion = 10.0.40219.1
Project("{FAE04EC0-301F-11D3-BF4B-00C04F79EFBC}") = "IconSorter", "IconSorter.csproj", "{D2AE381A-6F6E-47FE-843C-0EE2F866AD0D}"
EndProject
Global
	GlobalSection(SolutionConfigurationPlatforms) = preSolution
		Debug|Any CPU = Debug|Any CPU
		Release|Any CPU = Release|Any CPU
	EndGlobalSection
	GlobalSection(ProjectConfigurationPlatforms) = postSolution
		{D2AE381A-6F6E-47FE-843C-0EE2F866AD0D}.Debug|Any CPU.ActiveCfg = Debug|Any CPU
		{D2AE381A-6F6E-47FE-843C-0EE2F866AD0D}.Debug|Any CPU.Build.0 = Debug|Any CPU
		{D2AE381A-6F6E-47FE-843C-0EE2F866AD0D}.Release|Any CPU.ActiveCfg = Release|Any CPU
		{D2AE381A-6F6E-47FE-843C-0EE2F866AD0D}.Release|Any CPU.Build.0 = Release|Any CPU
	EndGlobalSection
	GlobalSection(SolutionProperties) = preSolution
		HideSolutionNode = FALSE
	EndGlobalSection
	GlobalSection(ExtensibilityGlobals) = postSolution
		SolutionGuid = {5CC8480D-BBC2-43B7-9949-07CC851C3747}
	EndGlobalSection
EndGlobal
